
Microsoft Visual Studio Solution File, Format Version 12.00
# Visual Studio Version 17
VisualStudioVersion = 17.3.32929.385
MinimumVisualStudioVersion = 10.0.40219.1
Project("{8BC9CEB8-8B4A-11D0-8D11-00A0C91BC942}") = "Project", "Project.vcxproj", "{F2106CBE-8890-4564-B89B-27135BE693A9}"
EndProject
Project("{2150E333-8FDC-42A3-9474-1A3956D46DE8}") = "ソリューション項目", "ソリューション項目", "{C21DC6DD-D1CA-4AB8-A735-64B42DFB3694}"
	ProjectSection(SolutionItems) = preProject
		.editorconfig = .editorconfig
	EndProjectSection
EndProject
Global
	GlobalSection(SolutionConfigurationPlatforms) = preSolution
		Debug|x64 = Debug|x64
		Debug|x86 = Debug|x86
		Release|x64 = Release|x64
		Release|x86 = Release|x86
	EndGlobalSection
	GlobalSection(ProjectConfigurationPlatforms) = postSolution
		{F2106CBE-8890-4564-B89B-27135BE693A9}.Debug|x64.ActiveCfg = Debug|x64
		{F2106CBE-8890-4564-B89B-27135BE693A9}.Debug|x64.Build.0 = Debug|x64
		{F2106CBE-8890-4564-B89B-27135BE693A9}.Debug|x86.ActiveCfg = Debug|Win32
		{F2106CBE-8890-4564-B89B-27135BE693A9}.Debug|x86.Build.0 = Debug|Win32
		{F2106CBE-8890-4564-B89B-27135BE693A9}.Release|x64.ActiveCfg = Release|x64
		{F2106CBE-8890-4564-B89B-27135BE693A9}.Release|x64.Build.0 = Release|x64
		{F2106CBE-8890-4564-B89B-27135BE693A9}.Release|x86.ActiveCfg = Release|Win32
		{F2106CBE-8890-4564-B89B-27135BE693A9}.Release|x86.Build.0 = Release|Win32
	EndGlobalSection
	GlobalSection(SolutionProperties) = preSolution
		HideSolutionNode = FALSE
	EndGlobalSection
	GlobalSection(ExtensibilityGlobals) = postSolution
		SolutionGuid = {83F3DCFB-CE9D-4C89-9A1E-3BCE74D9BE88}
	EndGlobalSection
EndGlobal
